// !$*UTF8*$!
{
	archiveVersion = 1;
	classes = {
	};
	objectVersion = 51;
	objects = {

/* Begin PBXBuildFile section */
		1308602F277E106900DBE900 /* Authentication.swift in Sources */ = {isa = PBXBuildFile; fileRef = 1308602E277E106900DBE900 /* Authentication.swift */; };
		1308603F277F3BAF00DBE900 /* GoogleService.swift in Sources */ = {isa = PBXBuildFile; fileRef = 1308603E277F3BAF00DBE900 /* GoogleService.swift */; };
		130860442781BE4900DBE900 /* AutoLoginView.swift in Sources */ = {isa = PBXBuildFile; fileRef = 130860432781BE4900DBE900 /* AutoLoginView.swift */; };
		130860492781BF8700DBE900 /* AutoLoginViewModel.swift in Sources */ = {isa = PBXBuildFile; fileRef = 130860482781BF8700DBE900 /* AutoLoginViewModel.swift */; };
		130860F927824ECA00DBE900 /* LoginViewTests.swift in Sources */ = {isa = PBXBuildFile; fileRef = 130860F827824ECA00DBE900 /* LoginViewTests.swift */; };
		1308613E2782568200DBE900 /* AuthenticationViewModelTests.swift in Sources */ = {isa = PBXBuildFile; fileRef = 1308613D2782568200DBE900 /* AuthenticationViewModelTests.swift */; };
		1308614627826B4900DBE900 /* HomeViewTests.swift in Sources */ = {isa = PBXBuildFile; fileRef = 1308614527826B4900DBE900 /* HomeViewTests.swift */; };
		1308614B27826B5600DBE900 /* HomeViewModelTests.swift in Sources */ = {isa = PBXBuildFile; fileRef = 1308614A27826B5600DBE900 /* HomeViewModelTests.swift */; };
		13296E88276930D100344829 /* AuthenticationViewModel.swift in Sources */ = {isa = PBXBuildFile; fileRef = 13296E87276930D100344829 /* AuthenticationViewModel.swift */; };
		13296E912769498800344829 /* AlertErrorHandler.swift in Sources */ = {isa = PBXBuildFile; fileRef = 13296E902769498800344829 /* AlertErrorHandler.swift */; };
		13923B4127710BE8000E4AFA /* HomeView.swift in Sources */ = {isa = PBXBuildFile; fileRef = 13923B4027710BE8000E4AFA /* HomeView.swift */; };
		13923B4627711223000E4AFA /* LoginTaskApp.swift in Sources */ = {isa = PBXBuildFile; fileRef = 13923B4527711223000E4AFA /* LoginTaskApp.swift */; };
		13923B4D277117CD000E4AFA /* UserViewModel.swift in Sources */ = {isa = PBXBuildFile; fileRef = 13923B4C277117CD000E4AFA /* UserViewModel.swift */; };
		13923B5627713966000E4AFA /* LoginService.swift in Sources */ = {isa = PBXBuildFile; fileRef = 13923B5527713966000E4AFA /* LoginService.swift */; };
		13923B5B27713A00000E4AFA /* User.swift in Sources */ = {isa = PBXBuildFile; fileRef = 13923B5A27713A00000E4AFA /* User.swift */; };
		13BC32C1276922530045F2F4 /* GoogleService-Info.plist in Resources */ = {isa = PBXBuildFile; fileRef = 13BC32C0276922530045F2F4 /* GoogleService-Info.plist */; };
		13BE5AB82762917A00C5E617 /* ContentView.swift in Sources */ = {isa = PBXBuildFile; fileRef = 13BE5AB72762917A00C5E617 /* ContentView.swift */; };
		13BE5ABA2762917C00C5E617 /* Assets.xcassets in Resources */ = {isa = PBXBuildFile; fileRef = 13BE5AB92762917C00C5E617 /* Assets.xcassets */; };
		13BE5ABD2762917C00C5E617 /* Preview Assets.xcassets in Resources */ = {isa = PBXBuildFile; fileRef = 13BE5ABC2762917C00C5E617 /* Preview Assets.xcassets */; };
		13BE5AC02762917C00C5E617 /* LaunchScreen.storyboard in Resources */ = {isa = PBXBuildFile; fileRef = 13BE5ABE2762917C00C5E617 /* LaunchScreen.storyboard */; };
		13BE5ACB2762917D00C5E617 /* LoginTaskTests.swift in Sources */ = {isa = PBXBuildFile; fileRef = 13BE5ACA2762917D00C5E617 /* LoginTaskTests.swift */; };
		13BE5AD62762917D00C5E617 /* LoginTaskUITests.swift in Sources */ = {isa = PBXBuildFile; fileRef = 13BE5AD52762917D00C5E617 /* LoginTaskUITests.swift */; };
		13BE5AFB276299D700C5E617 /* LoginView.swift in Sources */ = {isa = PBXBuildFile; fileRef = 13BE5AFA276299D700C5E617 /* LoginView.swift */; };
		13BE5B0127629ED000C5E617 /* CustomText.swift in Sources */ = {isa = PBXBuildFile; fileRef = 13BE5B0027629ED000C5E617 /* CustomText.swift */; };
		13BE5B0927629F9800C5E617 /* CustomTextField.swift in Sources */ = {isa = PBXBuildFile; fileRef = 13BE5B0827629F9800C5E617 /* CustomTextField.swift */; };
		13BE5B0F2762A13000C5E617 /* NunitoSans-Bold.ttf in Resources */ = {isa = PBXBuildFile; fileRef = 13BE5B0E2762A13000C5E617 /* NunitoSans-Bold.ttf */; };
		13BE5B142762B6F200C5E617 /* CustomButton.swift in Sources */ = {isa = PBXBuildFile; fileRef = 13BE5B132762B6F200C5E617 /* CustomButton.swift */; };
		13BE5B1A2762BBBD00C5E617 /* ViewHelper.swift in Sources */ = {isa = PBXBuildFile; fileRef = 13BE5B192762BBBD00C5E617 /* ViewHelper.swift */; };
		4F9FD1404141E41B313540AA /* Pods_LoginTask_LoginTaskUITests.framework in Frameworks */ = {isa = PBXBuildFile; fileRef = 0F47C8D35ED96AF76B7DC5A2 /* Pods_LoginTask_LoginTaskUITests.framework */; };
		6D69F86DCC8EB75146B51DB3 /* Pods_LoginTask.framework in Frameworks */ = {isa = PBXBuildFile; fileRef = 485C0E6C354C4698D1D82A0F /* Pods_LoginTask.framework */; };
		C6AAC3636F80A589B55D3663 /* Pods_LoginTaskTests.framework in Frameworks */ = {isa = PBXBuildFile; fileRef = 97FE6099353016A8A14044EF /* Pods_LoginTaskTests.framework */; };
/* End PBXBuildFile section */

/* Begin PBXContainerItemProxy section */
		13BE5AC72762917D00C5E617 /* PBXContainerItemProxy */ = {
			isa = PBXContainerItemProxy;
			containerPortal = 13BE5AA82762917A00C5E617 /* Project object */;
			proxyType = 1;
			remoteGlobalIDString = 13BE5AAF2762917A00C5E617;
			remoteInfo = LoginTask;
		};
		13BE5AD22762917D00C5E617 /* PBXContainerItemProxy */ = {
			isa = PBXContainerItemProxy;
			containerPortal = 13BE5AA82762917A00C5E617 /* Project object */;
			proxyType = 1;
			remoteGlobalIDString = 13BE5AAF2762917A00C5E617;
			remoteInfo = LoginTask;
		};
/* End PBXContainerItemProxy section */

/* Begin PBXFileReference section */
		0F47C8D35ED96AF76B7DC5A2 /* Pods_LoginTask_LoginTaskUITests.framework */ = {isa = PBXFileReference; explicitFileType = wrapper.framework; includeInIndex = 0; path = Pods_LoginTask_LoginTaskUITests.framework; sourceTree = BUILT_PRODUCTS_DIR; };
		1308602E277E106900DBE900 /* Authentication.swift */ = {isa = PBXFileReference; lastKnownFileType = sourcecode.swift; path = Authentication.swift; sourceTree = "<group>"; };
		1308603E277F3BAF00DBE900 /* GoogleService.swift */ = {isa = PBXFileReference; lastKnownFileType = sourcecode.swift; path = GoogleService.swift; sourceTree = "<group>"; };
		130860432781BE4900DBE900 /* AutoLoginView.swift */ = {isa = PBXFileReference; lastKnownFileType = sourcecode.swift; path = AutoLoginView.swift; sourceTree = "<group>"; };
		130860482781BF8700DBE900 /* AutoLoginViewModel.swift */ = {isa = PBXFileReference; lastKnownFileType = sourcecode.swift; path = AutoLoginViewModel.swift; sourceTree = "<group>"; };
		130860F827824ECA00DBE900 /* LoginViewTests.swift */ = {isa = PBXFileReference; lastKnownFileType = sourcecode.swift; path = LoginViewTests.swift; sourceTree = "<group>"; };
		1308613D2782568200DBE900 /* AuthenticationViewModelTests.swift */ = {isa = PBXFileReference; lastKnownFileType = sourcecode.swift; path = AuthenticationViewModelTests.swift; sourceTree = "<group>"; };
		1308614527826B4900DBE900 /* HomeViewTests.swift */ = {isa = PBXFileReference; lastKnownFileType = sourcecode.swift; path = HomeViewTests.swift; sourceTree = "<group>"; };
		1308614A27826B5600DBE900 /* HomeViewModelTests.swift */ = {isa = PBXFileReference; lastKnownFileType = sourcecode.swift; path = HomeViewModelTests.swift; sourceTree = "<group>"; };
		13296E87276930D100344829 /* AuthenticationViewModel.swift */ = {isa = PBXFileReference; lastKnownFileType = sourcecode.swift; path = AuthenticationViewModel.swift; sourceTree = "<group>"; };
		13296E902769498800344829 /* AlertErrorHandler.swift */ = {isa = PBXFileReference; lastKnownFileType = sourcecode.swift; path = AlertErrorHandler.swift; sourceTree = "<group>"; };
		13923B4027710BE8000E4AFA /* HomeView.swift */ = {isa = PBXFileReference; lastKnownFileType = sourcecode.swift; path = HomeView.swift; sourceTree = "<group>"; };
		13923B4527711223000E4AFA /* LoginTaskApp.swift */ = {isa = PBXFileReference; lastKnownFileType = sourcecode.swift; path = LoginTaskApp.swift; sourceTree = "<group>"; };
		13923B4C277117CD000E4AFA /* UserViewModel.swift */ = {isa = PBXFileReference; lastKnownFileType = sourcecode.swift; path = UserViewModel.swift; sourceTree = "<group>"; };
		13923B5527713966000E4AFA /* LoginService.swift */ = {isa = PBXFileReference; lastKnownFileType = sourcecode.swift; path = LoginService.swift; sourceTree = "<group>"; };
		13923B5A27713A00000E4AFA /* User.swift */ = {isa = PBXFileReference; lastKnownFileType = sourcecode.swift; path = User.swift; sourceTree = "<group>"; };
		13BC32C0276922530045F2F4 /* GoogleService-Info.plist */ = {isa = PBXFileReference; fileEncoding = 4; lastKnownFileType = text.plist.xml; path = "GoogleService-Info.plist"; sourceTree = "<group>"; };
		13BE5AB02762917A00C5E617 /* LoginTask.app */ = {isa = PBXFileReference; explicitFileType = wrapper.application; includeInIndex = 0; path = LoginTask.app; sourceTree = BUILT_PRODUCTS_DIR; };
		13BE5AB72762917A00C5E617 /* ContentView.swift */ = {isa = PBXFileReference; lastKnownFileType = sourcecode.swift; path = ContentView.swift; sourceTree = "<group>"; };
		13BE5AB92762917C00C5E617 /* Assets.xcassets */ = {isa = PBXFileReference; lastKnownFileType = folder.assetcatalog; path = Assets.xcassets; sourceTree = "<group>"; };
		13BE5ABC2762917C00C5E617 /* Preview Assets.xcassets */ = {isa = PBXFileReference; lastKnownFileType = folder.assetcatalog; path = "Preview Assets.xcassets"; sourceTree = "<group>"; };
		13BE5ABF2762917C00C5E617 /* Base */ = {isa = PBXFileReference; lastKnownFileType = file.storyboard; name = Base; path = Base.lproj/LaunchScreen.storyboard; sourceTree = "<group>"; };
		13BE5AC12762917C00C5E617 /* Info.plist */ = {isa = PBXFileReference; lastKnownFileType = text.plist.xml; path = Info.plist; sourceTree = "<group>"; };
		13BE5AC62762917D00C5E617 /* LoginTaskTests.xctest */ = {isa = PBXFileReference; explicitFileType = wrapper.cfbundle; includeInIndex = 0; path = LoginTaskTests.xctest; sourceTree = BUILT_PRODUCTS_DIR; };
		13BE5ACA2762917D00C5E617 /* LoginTaskTests.swift */ = {isa = PBXFileReference; lastKnownFileType = sourcecode.swift; path = LoginTaskTests.swift; sourceTree = "<group>"; };
		13BE5ACC2762917D00C5E617 /* Info.plist */ = {isa = PBXFileReference; lastKnownFileType = text.plist.xml; path = Info.plist; sourceTree = "<group>"; };
		13BE5AD12762917D00C5E617 /* LoginTaskUITests.xctest */ = {isa = PBXFileReference; explicitFileType = wrapper.cfbundle; includeInIndex = 0; path = LoginTaskUITests.xctest; sourceTree = BUILT_PRODUCTS_DIR; };
		13BE5AD52762917D00C5E617 /* LoginTaskUITests.swift */ = {isa = PBXFileReference; lastKnownFileType = sourcecode.swift; path = LoginTaskUITests.swift; sourceTree = "<group>"; };
		13BE5AD72762917D00C5E617 /* Info.plist */ = {isa = PBXFileReference; lastKnownFileType = text.plist.xml; path = Info.plist; sourceTree = "<group>"; };
		13BE5AFA276299D700C5E617 /* LoginView.swift */ = {isa = PBXFileReference; lastKnownFileType = sourcecode.swift; path = LoginView.swift; sourceTree = "<group>"; };
		13BE5B0027629ED000C5E617 /* CustomText.swift */ = {isa = PBXFileReference; lastKnownFileType = sourcecode.swift; path = CustomText.swift; sourceTree = "<group>"; };
		13BE5B0827629F9800C5E617 /* CustomTextField.swift */ = {isa = PBXFileReference; lastKnownFileType = sourcecode.swift; path = CustomTextField.swift; sourceTree = "<group>"; };
		13BE5B0E2762A13000C5E617 /* NunitoSans-Bold.ttf */ = {isa = PBXFileReference; lastKnownFileType = file; path = "NunitoSans-Bold.ttf"; sourceTree = "<group>"; };
		13BE5B132762B6F200C5E617 /* CustomButton.swift */ = {isa = PBXFileReference; lastKnownFileType = sourcecode.swift; path = CustomButton.swift; sourceTree = "<group>"; };
		13BE5B192762BBBD00C5E617 /* ViewHelper.swift */ = {isa = PBXFileReference; lastKnownFileType = sourcecode.swift; path = ViewHelper.swift; sourceTree = "<group>"; };
		485C0E6C354C4698D1D82A0F /* Pods_LoginTask.framework */ = {isa = PBXFileReference; explicitFileType = wrapper.framework; includeInIndex = 0; path = Pods_LoginTask.framework; sourceTree = BUILT_PRODUCTS_DIR; };
		49D3106B6FAACE4952E8B9DE /* Pods-LoginTask-LoginTaskUITests.debug.xcconfig */ = {isa = PBXFileReference; includeInIndex = 1; lastKnownFileType = text.xcconfig; name = "Pods-LoginTask-LoginTaskUITests.debug.xcconfig"; path = "Target Support Files/Pods-LoginTask-LoginTaskUITests/Pods-LoginTask-LoginTaskUITests.debug.xcconfig"; sourceTree = "<group>"; };
		630A82C3EE67F3F11AF2BE92 /* Pods-LoginTask.debug.xcconfig */ = {isa = PBXFileReference; includeInIndex = 1; lastKnownFileType = text.xcconfig; name = "Pods-LoginTask.debug.xcconfig"; path = "Target Support Files/Pods-LoginTask/Pods-LoginTask.debug.xcconfig"; sourceTree = "<group>"; };
		75FB5A02D39FFECF7A654775 /* Pods-LoginTask.release.xcconfig */ = {isa = PBXFileReference; includeInIndex = 1; lastKnownFileType = text.xcconfig; name = "Pods-LoginTask.release.xcconfig"; path = "Target Support Files/Pods-LoginTask/Pods-LoginTask.release.xcconfig"; sourceTree = "<group>"; };
		86EE8CBEFDCE35C1DF289977 /* Pods-LoginTaskTests.debug.xcconfig */ = {isa = PBXFileReference; includeInIndex = 1; lastKnownFileType = text.xcconfig; name = "Pods-LoginTaskTests.debug.xcconfig"; path = "Target Support Files/Pods-LoginTaskTests/Pods-LoginTaskTests.debug.xcconfig"; sourceTree = "<group>"; };
		933469BB57CD34CCAD0831FB /* Pods-LoginTask-LoginTaskUITests.release.xcconfig */ = {isa = PBXFileReference; includeInIndex = 1; lastKnownFileType = text.xcconfig; name = "Pods-LoginTask-LoginTaskUITests.release.xcconfig"; path = "Target Support Files/Pods-LoginTask-LoginTaskUITests/Pods-LoginTask-LoginTaskUITests.release.xcconfig"; sourceTree = "<group>"; };
		97FE6099353016A8A14044EF /* Pods_LoginTaskTests.framework */ = {isa = PBXFileReference; explicitFileType = wrapper.framework; includeInIndex = 0; path = Pods_LoginTaskTests.framework; sourceTree = BUILT_PRODUCTS_DIR; };
		B3360F849A3AB1BF761B43DB /* Pods-LoginTaskTests.release.xcconfig */ = {isa = PBXFileReference; includeInIndex = 1; lastKnownFileType = text.xcconfig; name = "Pods-LoginTaskTests.release.xcconfig"; path = "Target Support Files/Pods-LoginTaskTests/Pods-LoginTaskTests.release.xcconfig"; sourceTree = "<group>"; };
/* End PBXFileReference section */

/* Begin PBXFrameworksBuildPhase section */
		13BE5AAD2762917A00C5E617 /* Frameworks */ = {
			isa = PBXFrameworksBuildPhase;
			buildActionMask = 2147483647;
			files = (
				6D69F86DCC8EB75146B51DB3 /* Pods_LoginTask.framework in Frameworks */,
			);
			runOnlyForDeploymentPostprocessing = 0;
		};
		13BE5AC32762917D00C5E617 /* Frameworks */ = {
			isa = PBXFrameworksBuildPhase;
			buildActionMask = 2147483647;
			files = (
				C6AAC3636F80A589B55D3663 /* Pods_LoginTaskTests.framework in Frameworks */,
			);
			runOnlyForDeploymentPostprocessing = 0;
		};
		13BE5ACE2762917D00C5E617 /* Frameworks */ = {
			isa = PBXFrameworksBuildPhase;
			buildActionMask = 2147483647;
			files = (
				4F9FD1404141E41B313540AA /* Pods_LoginTask_LoginTaskUITests.framework in Frameworks */,
			);
			runOnlyForDeploymentPostprocessing = 0;
		};
/* End PBXFrameworksBuildPhase section */

/* Begin PBXGroup section */
		1308602D277E105300DBE900 /* StateManager */ = {
			isa = PBXGroup;
			children = (
				1308602E277E106900DBE900 /* Authentication.swift */,
			);
			path = StateManager;
			sourceTree = "<group>";
		};
		1308604D27821D4300DBE900 /* Modules */ = {
			isa = PBXGroup;
			children = (
				1308604F27821D5400DBE900 /* Authentication */,
				1308604E27821D4E00DBE900 /* Home */,
			);
			path = Modules;
			sourceTree = "<group>";
		};
		1308604E27821D4E00DBE900 /* Home */ = {
			isa = PBXGroup;
			children = (
				1308614527826B4900DBE900 /* HomeViewTests.swift */,
				1308614A27826B5600DBE900 /* HomeViewModelTests.swift */,
			);
			path = Home;
			sourceTree = "<group>";
		};
		1308604F27821D5400DBE900 /* Authentication */ = {
			isa = PBXGroup;
			children = (
				1308613C2782524F00DBE900 /* ViewModels */,
				1308613B2782524400DBE900 /* Views */,
			);
			path = Authentication;
			sourceTree = "<group>";
		};
		1308613B2782524400DBE900 /* Views */ = {
			isa = PBXGroup;
			children = (
				130860F827824ECA00DBE900 /* LoginViewTests.swift */,
			);
			path = Views;
			sourceTree = "<group>";
		};
		1308613C2782524F00DBE900 /* ViewModels */ = {
			isa = PBXGroup;
			children = (
				1308613D2782568200DBE900 /* AuthenticationViewModelTests.swift */,
			);
			path = ViewModels;
			sourceTree = "<group>";
		};
		13296E8127692EFB00344829 /* Google */ = {
			isa = PBXGroup;
			children = (
				1308603E277F3BAF00DBE900 /* GoogleService.swift */,
			);
			path = Google;
			sourceTree = "<group>";
		};
		13296E8F2769497500344829 /* Error */ = {
			isa = PBXGroup;
			children = (
				13296E902769498800344829 /* AlertErrorHandler.swift */,
			);
			path = Error;
			sourceTree = "<group>";
		};
		13923B3E27710BCE000E4AFA /* Home */ = {
			isa = PBXGroup;
			children = (
				13923B4B277117BC000E4AFA /* ViewModels */,
				13923B3F27710BD8000E4AFA /* Views */,
			);
			path = Home;
			sourceTree = "<group>";
		};
		13923B3F27710BD8000E4AFA /* Views */ = {
			isa = PBXGroup;
			children = (
				13923B4027710BE8000E4AFA /* HomeView.swift */,
			);
			path = Views;
			sourceTree = "<group>";
		};
		13923B4B277117BC000E4AFA /* ViewModels */ = {
			isa = PBXGroup;
			children = (
				13923B4C277117CD000E4AFA /* UserViewModel.swift */,
			);
			path = ViewModels;
			sourceTree = "<group>";
		};
		13923B542771393A000E4AFA /* Service */ = {
			isa = PBXGroup;
			children = (
				13923B5527713966000E4AFA /* LoginService.swift */,
			);
			path = Service;
			sourceTree = "<group>";
		};
		13BE5AA72762917A00C5E617 = {
			isa = PBXGroup;
			children = (
				13BE5AB22762917A00C5E617 /* LoginTask */,
				13BE5AC92762917D00C5E617 /* LoginTaskTests */,
				13BE5AD42762917D00C5E617 /* LoginTaskUITests */,
				13BE5AB12762917A00C5E617 /* Products */,
				7A40C0F193B9EB867AD9FD7F /* Pods */,
				EAB59245D7DCA853D6C11C27 /* Frameworks */,
			);
			sourceTree = "<group>";
		};
		13BE5AB12762917A00C5E617 /* Products */ = {
			isa = PBXGroup;
			children = (
				13BE5AB02762917A00C5E617 /* LoginTask.app */,
				13BE5AC62762917D00C5E617 /* LoginTaskTests.xctest */,
				13BE5AD12762917D00C5E617 /* LoginTaskUITests.xctest */,
			);
			name = Products;
			sourceTree = "<group>";
		};
		13BE5AB22762917A00C5E617 /* LoginTask */ = {
			isa = PBXGroup;
			children = (
				13BE5B182762BBA800C5E617 /* Helpers */,
				13BC32C0276922530045F2F4 /* GoogleService-Info.plist */,
				13BE5B0D2762A10C00C5E617 /* Fonts */,
				13BE5AFF27629CA000C5E617 /* Common */,
				13BE5AE72762991200C5E617 /* Modules */,
				13BE5AE62762990200C5E617 /* Main */,
				13BE5AB72762917A00C5E617 /* ContentView.swift */,
				13BE5AB92762917C00C5E617 /* Assets.xcassets */,
				13BE5ABE2762917C00C5E617 /* LaunchScreen.storyboard */,
				13BE5AC12762917C00C5E617 /* Info.plist */,
				13BE5ABB2762917C00C5E617 /* Preview Content */,
			);
			path = LoginTask;
			sourceTree = "<group>";
		};
		13BE5ABB2762917C00C5E617 /* Preview Content */ = {
			isa = PBXGroup;
			children = (
				13BE5ABC2762917C00C5E617 /* Preview Assets.xcassets */,
			);
			path = "Preview Content";
			sourceTree = "<group>";
		};
		13BE5AC92762917D00C5E617 /* LoginTaskTests */ = {
			isa = PBXGroup;
			children = (
				1308604D27821D4300DBE900 /* Modules */,
				13BE5ACA2762917D00C5E617 /* LoginTaskTests.swift */,
				13BE5ACC2762917D00C5E617 /* Info.plist */,
			);
			path = LoginTaskTests;
			sourceTree = "<group>";
		};
		13BE5AD42762917D00C5E617 /* LoginTaskUITests */ = {
			isa = PBXGroup;
			children = (
				13BE5AD52762917D00C5E617 /* LoginTaskUITests.swift */,
				13BE5AD72762917D00C5E617 /* Info.plist */,
			);
			path = LoginTaskUITests;
			sourceTree = "<group>";
		};
		13BE5AE62762990200C5E617 /* Main */ = {
			isa = PBXGroup;
			children = (
				13923B4527711223000E4AFA /* LoginTaskApp.swift */,
			);
			path = Main;
			sourceTree = "<group>";
		};
		13BE5AE72762991200C5E617 /* Modules */ = {
			isa = PBXGroup;
			children = (
				13923B3E27710BCE000E4AFA /* Home */,
				13BE5AE82762991B00C5E617 /* Authentication */,
			);
			path = Modules;
			sourceTree = "<group>";
		};
		13BE5AE82762991B00C5E617 /* Authentication */ = {
			isa = PBXGroup;
			children = (
				1308602D277E105300DBE900 /* StateManager */,
				13923B542771393A000E4AFA /* Service */,
				13296E8127692EFB00344829 /* Google */,
				13BE5AEB2762994B00C5E617 /* ViewModels */,
				13BE5AEA2762994400C5E617 /* Models */,
				13BE5AE92762992700C5E617 /* Views */,
			);
			path = Authentication;
			sourceTree = "<group>";
		};
		13BE5AE92762992700C5E617 /* Views */ = {
			isa = PBXGroup;
			children = (
				13BE5AFA276299D700C5E617 /* LoginView.swift */,
				130860432781BE4900DBE900 /* AutoLoginView.swift */,
			);
			path = Views;
			sourceTree = "<group>";
		};
		13BE5AEA2762994400C5E617 /* Models */ = {
			isa = PBXGroup;
			children = (
				13923B5A27713A00000E4AFA /* User.swift */,
			);
			path = Models;
			sourceTree = "<group>";
		};
		13BE5AEB2762994B00C5E617 /* ViewModels */ = {
			isa = PBXGroup;
			children = (
				13296E87276930D100344829 /* AuthenticationViewModel.swift */,
				130860482781BF8700DBE900 /* AutoLoginViewModel.swift */,
			);
			path = ViewModels;
			sourceTree = "<group>";
		};
		13BE5AFF27629CA000C5E617 /* Common */ = {
			isa = PBXGroup;
			children = (
				13296E8F2769497500344829 /* Error */,
				13BE5B0027629ED000C5E617 /* CustomText.swift */,
				13BE5B0827629F9800C5E617 /* CustomTextField.swift */,
				13BE5B132762B6F200C5E617 /* CustomButton.swift */,
			);
			path = Common;
			sourceTree = "<group>";
		};
		13BE5B0D2762A10C00C5E617 /* Fonts */ = {
			isa = PBXGroup;
			children = (
				13BE5B0E2762A13000C5E617 /* NunitoSans-Bold.ttf */,
			);
			path = Fonts;
			sourceTree = "<group>";
		};
		13BE5B182762BBA800C5E617 /* Helpers */ = {
			isa = PBXGroup;
			children = (
				13BE5B192762BBBD00C5E617 /* ViewHelper.swift */,
			);
			path = Helpers;
			sourceTree = "<group>";
		};
		7A40C0F193B9EB867AD9FD7F /* Pods */ = {
			isa = PBXGroup;
			children = (
				630A82C3EE67F3F11AF2BE92 /* Pods-LoginTask.debug.xcconfig */,
				75FB5A02D39FFECF7A654775 /* Pods-LoginTask.release.xcconfig */,
				49D3106B6FAACE4952E8B9DE /* Pods-LoginTask-LoginTaskUITests.debug.xcconfig */,
				933469BB57CD34CCAD0831FB /* Pods-LoginTask-LoginTaskUITests.release.xcconfig */,
				86EE8CBEFDCE35C1DF289977 /* Pods-LoginTaskTests.debug.xcconfig */,
				B3360F849A3AB1BF761B43DB /* Pods-LoginTaskTests.release.xcconfig */,
			);
			path = Pods;
			sourceTree = "<group>";
		};
		EAB59245D7DCA853D6C11C27 /* Frameworks */ = {
			isa = PBXGroup;
			children = (
				485C0E6C354C4698D1D82A0F /* Pods_LoginTask.framework */,
				0F47C8D35ED96AF76B7DC5A2 /* Pods_LoginTask_LoginTaskUITests.framework */,
				97FE6099353016A8A14044EF /* Pods_LoginTaskTests.framework */,
			);
			name = Frameworks;
			sourceTree = "<group>";
		};
/* End PBXGroup section */

/* Begin PBXNativeTarget section */
		13BE5AAF2762917A00C5E617 /* LoginTask */ = {
			isa = PBXNativeTarget;
			buildConfigurationList = 13BE5ADA2762917D00C5E617 /* Build configuration list for PBXNativeTarget "LoginTask" */;
			buildPhases = (
				E0956BA7126B75E68F98B272 /* [CP] Check Pods Manifest.lock */,
				13BE5AAC2762917A00C5E617 /* Sources */,
				13BE5AAD2762917A00C5E617 /* Frameworks */,
				13BE5AAE2762917A00C5E617 /* Resources */,
				80CDD6A82AC5836FEE5465C3 /* [CP] Embed Pods Frameworks */,
			);
			buildRules = (
			);
			dependencies = (
			);
			name = LoginTask;
			productName = LoginTask;
			productReference = 13BE5AB02762917A00C5E617 /* LoginTask.app */;
			productType = "com.apple.product-type.application";
		};
		13BE5AC52762917D00C5E617 /* LoginTaskTests */ = {
			isa = PBXNativeTarget;
			buildConfigurationList = 13BE5ADD2762917D00C5E617 /* Build configuration list for PBXNativeTarget "LoginTaskTests" */;
			buildPhases = (
				9A706996FABA4838DD299BD2 /* [CP] Check Pods Manifest.lock */,
				13BE5AC22762917D00C5E617 /* Sources */,
				13BE5AC32762917D00C5E617 /* Frameworks */,
				13BE5AC42762917D00C5E617 /* Resources */,
				A250BAF166D3F8134BE62AA8 /* [CP] Embed Pods Frameworks */,
			);
			buildRules = (
			);
			dependencies = (
				13BE5AC82762917D00C5E617 /* PBXTargetDependency */,
			);
			name = LoginTaskTests;
			productName = LoginTaskTests;
			productReference = 13BE5AC62762917D00C5E617 /* LoginTaskTests.xctest */;
			productType = "com.apple.product-type.bundle.unit-test";
		};
		13BE5AD02762917D00C5E617 /* LoginTaskUITests */ = {
			isa = PBXNativeTarget;
			buildConfigurationList = 13BE5AE02762917D00C5E617 /* Build configuration list for PBXNativeTarget "LoginTaskUITests" */;
			buildPhases = (
				562A692B9E707D9302FF3186 /* [CP] Check Pods Manifest.lock */,
				13BE5ACD2762917D00C5E617 /* Sources */,
				13BE5ACE2762917D00C5E617 /* Frameworks */,
				13BE5ACF2762917D00C5E617 /* Resources */,
				3D4DBD41BBD2559CFA4AF5E7 /* [CP] Embed Pods Frameworks */,
			);
			buildRules = (
			);
			dependencies = (
				13BE5AD32762917D00C5E617 /* PBXTargetDependency */,
			);
			name = LoginTaskUITests;
			productName = LoginTaskUITests;
			productReference = 13BE5AD12762917D00C5E617 /* LoginTaskUITests.xctest */;
			productType = "com.apple.product-type.bundle.ui-testing";
		};
/* End PBXNativeTarget section */

/* Begin PBXProject section */
		13BE5AA82762917A00C5E617 /* Project object */ = {
			isa = PBXProject;
			attributes = {
				LastSwiftUpdateCheck = 1240;
				LastUpgradeCheck = 1240;
				TargetAttributes = {
					13BE5AAF2762917A00C5E617 = {
						CreatedOnToolsVersion = 12.4;
					};
					13BE5AC52762917D00C5E617 = {
						CreatedOnToolsVersion = 12.4;
						TestTargetID = 13BE5AAF2762917A00C5E617;
					};
					13BE5AD02762917D00C5E617 = {
						CreatedOnToolsVersion = 12.4;
						TestTargetID = 13BE5AAF2762917A00C5E617;
					};
				};
			};
			buildConfigurationList = 13BE5AAB2762917A00C5E617 /* Build configuration list for PBXProject "LoginTask" */;
			compatibilityVersion = "Xcode 9.3";
			developmentRegion = en;
			hasScannedForEncodings = 0;
			knownRegions = (
				en,
				Base,
			);
			mainGroup = 13BE5AA72762917A00C5E617;
			productRefGroup = 13BE5AB12762917A00C5E617 /* Products */;
			projectDirPath = "";
			projectRoot = "";
			targets = (
				13BE5AAF2762917A00C5E617 /* LoginTask */,
				13BE5AC52762917D00C5E617 /* LoginTaskTests */,
				13BE5AD02762917D00C5E617 /* LoginTaskUITests */,
			);
		};
/* End PBXProject section */

/* Begin PBXResourcesBuildPhase section */
		13BE5AAE2762917A00C5E617 /* Resources */ = {
			isa = PBXResourcesBuildPhase;
			buildActionMask = 2147483647;
			files = (
				13BC32C1276922530045F2F4 /* GoogleService-Info.plist in Resources */,
				13BE5AC02762917C00C5E617 /* LaunchScreen.storyboard in Resources */,
				13BE5ABD2762917C00C5E617 /* Preview Assets.xcassets in Resources */,
				13BE5ABA2762917C00C5E617 /* Assets.xcassets in Resources */,
				13BE5B0F2762A13000C5E617 /* NunitoSans-Bold.ttf in Resources */,
			);
			runOnlyForDeploymentPostprocessing = 0;
		};
		13BE5AC42762917D00C5E617 /* Resources */ = {
			isa = PBXResourcesBuildPhase;
			buildActionMask = 2147483647;
			files = (
			);
			runOnlyForDeploymentPostprocessing = 0;
		};
		13BE5ACF2762917D00C5E617 /* Resources */ = {
			isa = PBXResourcesBuildPhase;
			buildActionMask = 2147483647;
			files = (
			);
			runOnlyForDeploymentPostprocessing = 0;
		};
/* End PBXResourcesBuildPhase section */

/* Begin PBXShellScriptBuildPhase section */
		3D4DBD41BBD2559CFA4AF5E7 /* [CP] Embed Pods Frameworks */ = {
			isa = PBXShellScriptBuildPhase;
			buildActionMask = 2147483647;
			files = (
			);
			inputFileListPaths = (
				"${PODS_ROOT}/Target Support Files/Pods-LoginTask-LoginTaskUITests/Pods-LoginTask-LoginTaskUITests-frameworks-${CONFIGURATION}-input-files.xcfilelist",
			);
			name = "[CP] Embed Pods Frameworks";
			outputFileListPaths = (
				"${PODS_ROOT}/Target Support Files/Pods-LoginTask-LoginTaskUITests/Pods-LoginTask-LoginTaskUITests-frameworks-${CONFIGURATION}-output-files.xcfilelist",
			);
			runOnlyForDeploymentPostprocessing = 0;
			shellPath = /bin/sh;
			shellScript = "\"${PODS_ROOT}/Target Support Files/Pods-LoginTask-LoginTaskUITests/Pods-LoginTask-LoginTaskUITests-frameworks.sh\"\n";
			showEnvVarsInLog = 0;
		};
		562A692B9E707D9302FF3186 /* [CP] Check Pods Manifest.lock */ = {
			isa = PBXShellScriptBuildPhase;
			buildActionMask = 2147483647;
			files = (
			);
			inputFileListPaths = (
			);
			inputPaths = (
				"${PODS_PODFILE_DIR_PATH}/Podfile.lock",
				"${PODS_ROOT}/Manifest.lock",
			);
			name = "[CP] Check Pods Manifest.lock";
			outputFileListPaths = (
			);
			outputPaths = (
				"$(DERIVED_FILE_DIR)/Pods-LoginTask-LoginTaskUITests-checkManifestLockResult.txt",
			);
			runOnlyForDeploymentPostprocessing = 0;
			shellPath = /bin/sh;
			shellScript = "diff \"${PODS_PODFILE_DIR_PATH}/Podfile.lock\" \"${PODS_ROOT}/Manifest.lock\" > /dev/null\nif [ $? != 0 ] ; then\n    # print error to STDERR\n    echo \"error: The sandbox is not in sync with the Podfile.lock. Run 'pod install' or update your CocoaPods installation.\" >&2\n    exit 1\nfi\n# This output is used by Xcode 'outputs' to avoid re-running this script phase.\necho \"SUCCESS\" > \"${SCRIPT_OUTPUT_FILE_0}\"\n";
			showEnvVarsInLog = 0;
		};
		80CDD6A82AC5836FEE5465C3 /* [CP] Embed Pods Frameworks */ = {
			isa = PBXShellScriptBuildPhase;
			buildActionMask = 2147483647;
			files = (
			);
			inputFileListPaths = (
				"${PODS_ROOT}/Target Support Files/Pods-LoginTask/Pods-LoginTask-frameworks-${CONFIGURATION}-input-files.xcfilelist",
			);
			name = "[CP] Embed Pods Frameworks";
			outputFileListPaths = (
				"${PODS_ROOT}/Target Support Files/Pods-LoginTask/Pods-LoginTask-frameworks-${CONFIGURATION}-output-files.xcfilelist",
			);
			runOnlyForDeploymentPostprocessing = 0;
			shellPath = /bin/sh;
			shellScript = "\"${PODS_ROOT}/Target Support Files/Pods-LoginTask/Pods-LoginTask-frameworks.sh\"\n";
			showEnvVarsInLog = 0;
		};
		9A706996FABA4838DD299BD2 /* [CP] Check Pods Manifest.lock */ = {
			isa = PBXShellScriptBuildPhase;
			buildActionMask = 2147483647;
			files = (
			);
			inputFileListPaths = (
			);
			inputPaths = (
				"${PODS_PODFILE_DIR_PATH}/Podfile.lock",
				"${PODS_ROOT}/Manifest.lock",
			);
			name = "[CP] Check Pods Manifest.lock";
			outputFileListPaths = (
			);
			outputPaths = (
				"$(DERIVED_FILE_DIR)/Pods-LoginTaskTests-checkManifestLockResult.txt",
			);
			runOnlyForDeploymentPostprocessing = 0;
			shellPath = /bin/sh;
			shellScript = "diff \"${PODS_PODFILE_DIR_PATH}/Podfile.lock\" \"${PODS_ROOT}/Manifest.lock\" > /dev/null\nif [ $? != 0 ] ; then\n    # print error to STDERR\n    echo \"error: The sandbox is not in sync with the Podfile.lock. Run 'pod install' or update your CocoaPods installation.\" >&2\n    exit 1\nfi\n# This output is used by Xcode 'outputs' to avoid re-running this script phase.\necho \"SUCCESS\" > \"${SCRIPT_OUTPUT_FILE_0}\"\n";
			showEnvVarsInLog = 0;
		};
		A250BAF166D3F8134BE62AA8 /* [CP] Embed Pods Frameworks */ = {
			isa = PBXShellScriptBuildPhase;
			buildActionMask = 2147483647;
			files = (
			);
			inputFileListPaths = (
				"${PODS_ROOT}/Target Support Files/Pods-LoginTaskTests/Pods-LoginTaskTests-frameworks-${CONFIGURATION}-input-files.xcfilelist",
			);
			name = "[CP] Embed Pods Frameworks";
			outputFileListPaths = (
				"${PODS_ROOT}/Target Support Files/Pods-LoginTaskTests/Pods-LoginTaskTests-frameworks-${CONFIGURATION}-output-files.xcfilelist",
			);
			runOnlyForDeploymentPostprocessing = 0;
			shellPath = /bin/sh;
			shellScript = "\"${PODS_ROOT}/Target Support Files/Pods-LoginTaskTests/Pods-LoginTaskTests-frameworks.sh\"\n";
			showEnvVarsInLog = 0;
		};
		E0956BA7126B75E68F98B272 /* [CP] Check Pods Manifest.lock */ = {
			isa = PBXShellScriptBuildPhase;
			buildActionMask = 2147483647;
			files = (
			);
			inputFileListPaths = (
			);
			inputPaths = (
				"${PODS_PODFILE_DIR_PATH}/Podfile.lock",
				"${PODS_ROOT}/Manifest.lock",
			);
			name = "[CP] Check Pods Manifest.lock";
			outputFileListPaths = (
			);
			outputPaths = (
				"$(DERIVED_FILE_DIR)/Pods-LoginTask-checkManifestLockResult.txt",
			);
			runOnlyForDeploymentPostprocessing = 0;
			shellPath = /bin/sh;
			shellScript = "diff \"${PODS_PODFILE_DIR_PATH}/Podfile.lock\" \"${PODS_ROOT}/Manifest.lock\" > /dev/null\nif [ $? != 0 ] ; then\n    # print error to STDERR\n    echo \"error: The sandbox is not in sync with the Podfile.lock. Run 'pod install' or update your CocoaPods installation.\" >&2\n    exit 1\nfi\n# This output is used by Xcode 'outputs' to avoid re-running this script phase.\necho \"SUCCESS\" > \"${SCRIPT_OUTPUT_FILE_0}\"\n";
			showEnvVarsInLog = 0;
		};
/* End PBXShellScriptBuildPhase section */

/* Begin PBXSourcesBuildPhase section */
		13BE5AAC2762917A00C5E617 /* Sources */ = {
			isa = PBXSourcesBuildPhase;
			buildActionMask = 2147483647;
			files = (
				13923B5B27713A00000E4AFA /* User.swift in Sources */,
				13296E912769498800344829 /* AlertErrorHandler.swift in Sources */,
				13923B4627711223000E4AFA /* LoginTaskApp.swift in Sources */,
				13BE5B0927629F9800C5E617 /* CustomTextField.swift in Sources */,
				13BE5AFB276299D700C5E617 /* LoginView.swift in Sources */,
				13923B4127710BE8000E4AFA /* HomeView.swift in Sources */,
				130860492781BF8700DBE900 /* AutoLoginViewModel.swift in Sources */,
				13BE5B142762B6F200C5E617 /* CustomButton.swift in Sources */,
				1308602F277E106900DBE900 /* Authentication.swift in Sources */,
				13296E88276930D100344829 /* AuthenticationViewModel.swift in Sources */,
				13923B5627713966000E4AFA /* LoginService.swift in Sources */,
				13923B4D277117CD000E4AFA /* UserViewModel.swift in Sources */,
				130860442781BE4900DBE900 /* AutoLoginView.swift in Sources */,
				1308603F277F3BAF00DBE900 /* GoogleService.swift in Sources */,
				13BE5AB82762917A00C5E617 /* ContentView.swift in Sources */,
				13BE5B1A2762BBBD00C5E617 /* ViewHelper.swift in Sources */,
				13BE5B0127629ED000C5E617 /* CustomText.swift in Sources */,
			);
			runOnlyForDeploymentPostprocessing = 0;
		};
		13BE5AC22762917D00C5E617 /* Sources */ = {
			isa = PBXSourcesBuildPhase;
			buildActionMask = 2147483647;
			files = (
				1308614B27826B5600DBE900 /* HomeViewModelTests.swift in Sources */,
				1308613E2782568200DBE900 /* AuthenticationViewModelTests.swift in Sources */,
				1308614627826B4900DBE900 /* HomeViewTests.swift in Sources */,
				130860F927824ECA00DBE900 /* LoginViewTests.swift in Sources */,
				13BE5ACB2762917D00C5E617 /* LoginTaskTests.swift in Sources */,
			);
			runOnlyForDeploymentPostprocessing = 0;
		};
		13BE5ACD2762917D00C5E617 /* Sources */ = {
			isa = PBXSourcesBuildPhase;
			buildActionMask = 2147483647;
			files = (
				13BE5AD62762917D00C5E617 /* LoginTaskUITests.swift in Sources */,
			);
			runOnlyForDeploymentPostprocessing = 0;
		};
/* End PBXSourcesBuildPhase section */

/* Begin PBXTargetDependency section */
		13BE5AC82762917D00C5E617 /* PBXTargetDependency */ = {
			isa = PBXTargetDependency;
			target = 13BE5AAF2762917A00C5E617 /* LoginTask */;
			targetProxy = 13BE5AC72762917D00C5E617 /* PBXContainerItemProxy */;
		};
		13BE5AD32762917D00C5E617 /* PBXTargetDependency */ = {
			isa = PBXTargetDependency;
			target = 13BE5AAF2762917A00C5E617 /* LoginTask */;
			targetProxy = 13BE5AD22762917D00C5E617 /* PBXContainerItemProxy */;
		};
/* End PBXTargetDependency section */

/* Begin PBXVariantGroup section */
		13BE5ABE2762917C00C5E617 /* LaunchScreen.storyboard */ = {
			isa = PBXVariantGroup;
			children = (
				13BE5ABF2762917C00C5E617 /* Base */,
			);
			name = LaunchScreen.storyboard;
			sourceTree = "<group>";
		};
/* End PBXVariantGroup section */

/* Begin XCBuildConfiguration section */
		13BE5AD82762917D00C5E617 /* Debug */ = {
			isa = XCBuildConfiguration;
			buildSettings = {
				ALWAYS_SEARCH_USER_PATHS = NO;
				CLANG_ANALYZER_NONNULL = YES;
				CLANG_ANALYZER_NUMBER_OBJECT_CONVERSION = YES_AGGRESSIVE;
				CLANG_CXX_LANGUAGE_STANDARD = "gnu++14";
				CLANG_CXX_LIBRARY = "libc++";
				CLANG_ENABLE_MODULES = YES;
				CLANG_ENABLE_OBJC_ARC = YES;
				CLANG_ENABLE_OBJC_WEAK = YES;
				CLANG_WARN_BLOCK_CAPTURE_AUTORELEASING = YES;
				CLANG_WARN_BOOL_CONVERSION = YES;
				CLANG_WARN_COMMA = YES;
				CLANG_WARN_CONSTANT_CONVERSION = YES;
				CLANG_WARN_DEPRECATED_OBJC_IMPLEMENTATIONS = YES;
				CLANG_WARN_DIRECT_OBJC_ISA_USAGE = YES_ERROR;
				CLANG_WARN_DOCUMENTATION_COMMENTS = YES;
				CLANG_WARN_EMPTY_BODY = YES;
				CLANG_WARN_ENUM_CONVERSION = YES;
				CLANG_WARN_INFINITE_RECURSION = YES;
				CLANG_WARN_INT_CONVERSION = YES;
				CLANG_WARN_NON_LITERAL_NULL_CONVERSION = YES;
				CLANG_WARN_OBJC_IMPLICIT_RETAIN_SELF = YES;
				CLANG_WARN_OBJC_LITERAL_CONVERSION = YES;
				CLANG_WARN_OBJC_ROOT_CLASS = YES_ERROR;
				CLANG_WARN_QUOTED_INCLUDE_IN_FRAMEWORK_HEADER = YES;
				CLANG_WARN_RANGE_LOOP_ANALYSIS = YES;
				CLANG_WARN_STRICT_PROTOTYPES = YES;
				CLANG_WARN_SUSPICIOUS_MOVE = YES;
				CLANG_WARN_UNGUARDED_AVAILABILITY = YES_AGGRESSIVE;
				CLANG_WARN_UNREACHABLE_CODE = YES;
				CLANG_WARN__DUPLICATE_METHOD_MATCH = YES;
				COPY_PHASE_STRIP = NO;
				DEBUG_INFORMATION_FORMAT = dwarf;
				ENABLE_STRICT_OBJC_MSGSEND = YES;
				ENABLE_TESTABILITY = YES;
				GCC_C_LANGUAGE_STANDARD = gnu11;
				GCC_DYNAMIC_NO_PIC = NO;
				GCC_NO_COMMON_BLOCKS = YES;
				GCC_OPTIMIZATION_LEVEL = 0;
				GCC_PREPROCESSOR_DEFINITIONS = (
					"DEBUG=1",
					"$(inherited)",
				);
				GCC_WARN_64_TO_32_BIT_CONVERSION = YES;
				GCC_WARN_ABOUT_RETURN_TYPE = YES_ERROR;
				GCC_WARN_UNDECLARED_SELECTOR = YES;
				GCC_WARN_UNINITIALIZED_AUTOS = YES_AGGRESSIVE;
				GCC_WARN_UNUSED_FUNCTION = YES;
				GCC_WARN_UNUSED_VARIABLE = YES;
				IPHONEOS_DEPLOYMENT_TARGET = 14.4;
				MTL_ENABLE_DEBUG_INFO = INCLUDE_SOURCE;
				MTL_FAST_MATH = YES;
				ONLY_ACTIVE_ARCH = YES;
				SDKROOT = iphoneos;
				SWIFT_ACTIVE_COMPILATION_CONDITIONS = DEBUG;
				SWIFT_OPTIMIZATION_LEVEL = "-Onone";
			};
			name = Debug;
		};
		13BE5AD92762917D00C5E617 /* Release */ = {
			isa = XCBuildConfiguration;
			buildSettings = {
				ALWAYS_SEARCH_USER_PATHS = NO;
				CLANG_ANALYZER_NONNULL = YES;
				CLANG_ANALYZER_NUMBER_OBJECT_CONVERSION = YES_AGGRESSIVE;
				CLANG_CXX_LANGUAGE_STANDARD = "gnu++14";
				CLANG_CXX_LIBRARY = "libc++";
				CLANG_ENABLE_MODULES = YES;
				CLANG_ENABLE_OBJC_ARC = YES;
				CLANG_ENABLE_OBJC_WEAK = YES;
				CLANG_WARN_BLOCK_CAPTURE_AUTORELEASING = YES;
				CLANG_WARN_BOOL_CONVERSION = YES;
				CLANG_WARN_COMMA = YES;
				CLANG_WARN_CONSTANT_CONVERSION = YES;
				CLANG_WARN_DEPRECATED_OBJC_IMPLEMENTATIONS = YES;
				CLANG_WARN_DIRECT_OBJC_ISA_USAGE = YES_ERROR;
				CLANG_WARN_DOCUMENTATION_COMMENTS = YES;
				CLANG_WARN_EMPTY_BODY = YES;
				CLANG_WARN_ENUM_CONVERSION = YES;
				CLANG_WARN_INFINITE_RECURSION = YES;
				CLANG_WARN_INT_CONVERSION = YES;
				CLANG_WARN_NON_LITERAL_NULL_CONVERSION = YES;
				CLANG_WARN_OBJC_IMPLICIT_RETAIN_SELF = YES;
				CLANG_WARN_OBJC_LITERAL_CONVERSION = YES;
				CLANG_WARN_OBJC_ROOT_CLASS = YES_ERROR;
				CLANG_WARN_QUOTED_INCLUDE_IN_FRAMEWORK_HEADER = YES;
				CLANG_WARN_RANGE_LOOP_ANALYSIS = YES;
				CLANG_WARN_STRICT_PROTOTYPES = YES;
				CLANG_WARN_SUSPICIOUS_MOVE = YES;
				CLANG_WARN_UNGUARDED_AVAILABILITY = YES_AGGRESSIVE;
				CLANG_WARN_UNREACHABLE_CODE = YES;
				CLANG_WARN__DUPLICATE_METHOD_MATCH = YES;
				COPY_PHASE_STRIP = NO;
				DEBUG_INFORMATION_FORMAT = "dwarf-with-dsym";
				ENABLE_NS_ASSERTIONS = NO;
				ENABLE_STRICT_OBJC_MSGSEND = YES;
				GCC_C_LANGUAGE_STANDARD = gnu11;
				GCC_NO_COMMON_BLOCKS = YES;
				GCC_WARN_64_TO_32_BIT_CONVERSION = YES;
				GCC_WARN_ABOUT_RETURN_TYPE = YES_ERROR;
				GCC_WARN_UNDECLARED_SELECTOR = YES;
				GCC_WARN_UNINITIALIZED_AUTOS = YES_AGGRESSIVE;
				GCC_WARN_UNUSED_FUNCTION = YES;
				GCC_WARN_UNUSED_VARIABLE = YES;
				IPHONEOS_DEPLOYMENT_TARGET = 14.4;
				MTL_ENABLE_DEBUG_INFO = NO;
				MTL_FAST_MATH = YES;
				SDKROOT = iphoneos;
				SWIFT_COMPILATION_MODE = wholemodule;
				SWIFT_OPTIMIZATION_LEVEL = "-O";
				VALIDATE_PRODUCT = YES;
			};
			name = Release;
		};
		13BE5ADB2762917D00C5E617 /* Debug */ = {
			isa = XCBuildConfiguration;
			baseConfigurationReference = 630A82C3EE67F3F11AF2BE92 /* Pods-LoginTask.debug.xcconfig */;
			buildSettings = {
				ASSETCATALOG_COMPILER_APPICON_NAME = AppIcon;
				ASSETCATALOG_COMPILER_GLOBAL_ACCENT_COLOR_NAME = AccentColor;
				CODE_SIGN_STYLE = Automatic;
				DEVELOPMENT_ASSET_PATHS = "\"LoginTask/Preview Content\"";
				DEVELOPMENT_TEAM = EHNB78KN5B;
				ENABLE_PREVIEWS = YES;
				INFOPLIST_FILE = LoginTask/Info.plist;
				LD_RUNPATH_SEARCH_PATHS = (
					"$(inherited)",
					"@executable_path/Frameworks",
				);
				PRODUCT_BUNDLE_IDENTIFIER = com.LoginTask.LoginTask;
				PRODUCT_NAME = "$(TARGET_NAME)";
				SWIFT_VERSION = 5.0;
				TARGETED_DEVICE_FAMILY = "1,2";
			};
			name = Debug;
		};
		13BE5ADC2762917D00C5E617 /* Release */ = {
			isa = XCBuildConfiguration;
			baseConfigurationReference = 75FB5A02D39FFECF7A654775 /* Pods-LoginTask.release.xcconfig */;
			buildSettings = {
				ASSETCATALOG_COMPILER_APPICON_NAME = AppIcon;
				ASSETCATALOG_COMPILER_GLOBAL_ACCENT_COLOR_NAME = AccentColor;
				CODE_SIGN_STYLE = Automatic;
				DEVELOPMENT_ASSET_PATHS = "\"LoginTask/Preview Content\"";
				DEVELOPMENT_TEAM = EHNB78KN5B;
				ENABLE_PREVIEWS = YES;
				INFOPLIST_FILE = LoginTask/Info.plist;
				LD_RUNPATH_SEARCH_PATHS = (
					"$(inherited)",
					"@executable_path/Frameworks",
				);
				PRODUCT_BUNDLE_IDENTIFIER = com.LoginTask.LoginTask;
				PRODUCT_NAME = "$(TARGET_NAME)";
				SWIFT_VERSION = 5.0;
				TARGETED_DEVICE_FAMILY = "1,2";
			};
			name = Release;
		};
		13BE5ADE2762917D00C5E617 /* Debug */ = {
			isa = XCBuildConfiguration;
			baseConfigurationReference = 86EE8CBEFDCE35C1DF289977 /* Pods-LoginTaskTests.debug.xcconfig */;
			buildSettings = {
				ALWAYS_EMBED_SWIFT_STANDARD_LIBRARIES = YES;
				BUNDLE_LOADER = "$(TEST_HOST)";
				CODE_SIGN_STYLE = Automatic;
				DEVELOPMENT_TEAM = EHNB78KN5B;
				INFOPLIST_FILE = LoginTaskTests/Info.plist;
				IPHONEOS_DEPLOYMENT_TARGET = 14.4;
				LD_RUNPATH_SEARCH_PATHS = (
					"$(inherited)",
					"@executable_path/Frameworks",
					"@loader_path/Frameworks",
				);
				PRODUCT_BUNDLE_IDENTIFIER = com.LoginTask.LoginTaskTests;
				PRODUCT_NAME = "$(TARGET_NAME)";
				SWIFT_VERSION = 5.0;
				TARGETED_DEVICE_FAMILY = "1,2";
				TEST_HOST = "$(BUILT_PRODUCTS_DIR)/LoginTask.app/LoginTask";
			};
			name = Debug;
		};
		13BE5ADF2762917D00C5E617 /* Release */ = {
			isa = XCBuildConfiguration;
			baseConfigurationReference = B3360F849A3AB1BF761B43DB /* Pods-LoginTaskTests.release.xcconfig */;
			buildSettings = {
				ALWAYS_EMBED_SWIFT_STANDARD_LIBRARIES = YES;
				BUNDLE_LOADER = "$(TEST_HOST)";
				CODE_SIGN_STYLE = Automatic;
				DEVELOPMENT_TEAM = EHNB78KN5B;
				INFOPLIST_FILE = LoginTaskTests/Info.plist;
				IPHONEOS_DEPLOYMENT_TARGET = 14.4;
				LD_RUNPATH_SEARCH_PATHS = (
					"$(inherited)",
					"@executable_path/Frameworks",
					"@loader_path/Frameworks",
				);
				PRODUCT_BUNDLE_IDENTIFIER = com.LoginTask.LoginTaskTests;
				PRODUCT_NAME = "$(TARGET_NAME)";
				SWIFT_VERSION = 5.0;
				TARGETED_DEVICE_FAMILY = "1,2";
				TEST_HOST = "$(BUILT_PRODUCTS_DIR)/LoginTask.app/LoginTask";
			};
			name = Release;
		};
		13BE5AE12762917D00C5E617 /* Debug */ = {
			isa = XCBuildConfiguration;
			baseConfigurationReference = 49D3106B6FAACE4952E8B9DE /* Pods-LoginTask-LoginTaskUITests.debug.xcconfig */;
			buildSettings = {
				ALWAYS_EMBED_SWIFT_STANDARD_LIBRARIES = YES;
				CODE_SIGN_STYLE = Automatic;
				DEVELOPMENT_TEAM = EHNB78KN5B;
				INFOPLIST_FILE = LoginTaskUITests/Info.plist;
				LD_RUNPATH_SEARCH_PATHS = (
					"$(inherited)",
					"@executable_path/Frameworks",
					"@loader_path/Frameworks",
				);
				PRODUCT_BUNDLE_IDENTIFIER = com.LoginTask.LoginTaskUITests;
				PRODUCT_NAME = "$(TARGET_NAME)";
				SWIFT_VERSION = 5.0;
				TARGETED_DEVICE_FAMILY = "1,2";
				TEST_TARGET_NAME = LoginTask;
			};
			name = Debug;
		};
		13BE5AE22762917D00C5E617 /* Release */ = {
			isa = XCBuildConfiguration;
			baseConfigurationReference = 933469BB57CD34CCAD0831FB /* Pods-LoginTask-LoginTaskUITests.release.xcconfig */;
			buildSettings = {
				ALWAYS_EMBED_SWIFT_STANDARD_LIBRARIES = YES;
				CODE_SIGN_STYLE = Automatic;
				DEVELOPMENT_TEAM = EHNB78KN5B;
				INFOPLIST_FILE = LoginTaskUITests/Info.plist;
				LD_RUNPATH_SEARCH_PATHS = (
					"$(inherited)",
					"@executable_path/Frameworks",
					"@loader_path/Frameworks",
				);
				PRODUCT_BUNDLE_IDENTIFIER = com.LoginTask.LoginTaskUITests;
				PRODUCT_NAME = "$(TARGET_NAME)";
				SWIFT_VERSION = 5.0;
				TARGETED_DEVICE_FAMILY = "1,2";
				TEST_TARGET_NAME = LoginTask;
			};
			name = Release;
		};
/* End XCBuildConfiguration section */

/* Begin XCConfigurationList section */
		13BE5AAB2762917A00C5E617 /* Build configuration list for PBXProject "LoginTask" */ = {
			isa = XCConfigurationList;
			buildConfigurations = (
				13BE5AD82762917D00C5E617 /* Debug */,
				13BE5AD92762917D00C5E617 /* Release */,
			);
			defaultConfigurationIsVisible = 0;
			defaultConfigurationName = Release;
		};
		13BE5ADA2762917D00C5E617 /* Build configuration list for PBXNativeTarget "LoginTask" */ = {
			isa = XCConfigurationList;
			buildConfigurations = (
				13BE5ADB2762917D00C5E617 /* Debug */,
				13BE5ADC2762917D00C5E617 /* Release */,
			);
			defaultConfigurationIsVisible = 0;
			defaultConfigurationName = Release;
		};
		13BE5ADD2762917D00C5E617 /* Build configuration list for PBXNativeTarget "LoginTaskTests" */ = {
			isa = XCConfigurationList;
			buildConfigurations = (
				13BE5ADE2762917D00C5E617 /* Debug */,
				13BE5ADF2762917D00C5E617 /* Release */,
			);
			defaultConfigurationIsVisible = 0;
			defaultConfigurationName = Release;
		};
		13BE5AE02762917D00C5E617 /* Build configuration list for PBXNativeTarget "LoginTaskUITests" */ = {
			isa = XCConfigurationList;
			buildConfigurations = (
				13BE5AE12762917D00C5E617 /* Debug */,
				13BE5AE22762917D00C5E617 /* Release */,
			);
			defaultConfigurationIsVisible = 0;
			defaultConfigurationName = Release;
		};
/* End XCConfigurationList section */
	};
	rootObject = 13BE5AA82762917A00C5E617 /* Project object */;
}
